
Microsoft Visual Studio Solution File, Format Version 12.00
# Visual Studio Version 18
VisualStudioVersion = 18.6.11822.322 stable
MinimumVisualStudioVersion = 17.8.0.0
Project("{9A19103F-16F7-4668-BE54-9A1E7A4F7556}") = "MyToggleService.AppHost", "MyToggleService.AppHost\MyToggleService.AppHost.csproj", "{671F8612-022A-40BE-AB9C-C7026A24C8B5}"
EndProject
Project("{9A19103F-16F7-4668-BE54-9A1E7A4F7556}") = "MyToggleService.ServiceDefaults", "MyToggleService.ServiceDefaults\MyToggleService.ServiceDefaults.csproj", "{218E46D4-C3A2-448A-BA7A-406CB5E5CCAC}"
EndProject
Project("{9A19103F-16F7-4668-BE54-9A1E7A4F7556}") = "MyToggleService.ApiService", "MyToggleService.ApiService\MyToggleService.ApiService.csproj", "{BDD39BD4-C2CC-4D92-A25E-18F55C1B861B}"
EndProject
Project("{FAE04EC0-301F-11D3-BF4B-00C04F79EFBC}") = "MyToggleService.Client", "MyToggleService.Client\MyToggleService.Client.csproj", "{965A6FEA-420B-4779-84DF-DF97C3FCCA24}"
EndProject
Project("{2150E333-8FDC-42A3-9474-1A3956D46DE8}") = "1 - Aspire", "1 - Aspire", "{27837B1A-BCC7-46DB-A6BC-9EAF92A5142E}"
EndProject
Project("{2150E333-8FDC-42A3-9474-1A3956D46DE8}") = "2 - Presentation", "2 - Presentation", "{55D20690-2A4A-4BC2-944C-404BB8DCED0F}"
EndProject
Project("{2150E333-8FDC-42A3-9474-1A3956D46DE8}") = "Solution Items", "Solution Items", "{3F03AB04-4AF9-4BCF-95AA-FB8B6B6A7FE9}"
	ProjectSection(SolutionItems) = preProject
		.github\workflows\ci.yml = .github\workflows\ci.yml
		Dockerfile = Dockerfile
		README.md = README.md
	EndProjectSection
EndProject
Global
	GlobalSection(SolutionConfigurationPlatforms) = preSolution
		Debug|Any CPU = Debug|Any CPU
		Debug|x64 = Debug|x64
		Debug|x86 = Debug|x86
		Release|Any CPU = Release|Any CPU
		Release|x64 = Release|x64
		Release|x86 = Release|x86
	EndGlobalSection
	GlobalSection(ProjectConfigurationPlatforms) = postSolution
		{671F8612-022A-40BE-AB9C-C7026A24C8B5}.Debug|Any CPU.ActiveCfg = Debug|Any CPU
		{671F8612-022A-40BE-AB9C-C7026A24C8B5}.Debug|Any CPU.Build.0 = Debug|Any CPU
		{671F8612-022A-40BE-AB9C-C7026A24C8B5}.Debug|x64.ActiveCfg = Debug|Any CPU
		{671F8612-022A-40BE-AB9C-C7026A24C8B5}.Debug|x64.Build.0 = Debug|Any CPU
		{671F8612-022A-40BE-AB9C-C7026A24C8B5}.Debug|x86.ActiveCfg = Debug|Any CPU
		{671F8612-022A-40BE-AB9C-C7026A24C8B5}.Debug|x86.Build.0 = Debug|Any CPU
		{671F8612-022A-40BE-AB9C-C7026A24C8B5}.Release|Any CPU.ActiveCfg = Release|Any CPU
		{671F8612-022A-40BE-AB9C-C7026A24C8B5}.Release|Any CPU.Build.0 = Release|Any CPU
		{671F8612-022A-40BE-AB9C-C7026A24C8B5}.Release|x64.ActiveCfg = Release|Any CPU
		{671F8612-022A-40BE-AB9C-C7026A24C8B5}.Release|x64.Build.0 = Release|Any CPU
		{671F8612-022A-40BE-AB9C-C7026A24C8B5}.Release|x86.ActiveCfg = Release|Any CPU
		{671F8612-022A-40BE-AB9C-C7026A24C8B5}.Release|x86.Build.0 = Release|Any CPU
		{218E46D4-C3A2-448A-BA7A-406CB5E5CCAC}.Debug|Any CPU.ActiveCfg = Debug|Any CPU
		{218E46D4-C3A2-448A-BA7A-406CB5E5CCAC}.Debug|Any CPU.Build.0 = Debug|Any CPU
		{218E46D4-C3A2-448A-BA7A-406CB5E5CCAC}.Debug|x64.ActiveCfg = Debug|Any CPU
		{218E46D4-C3A2-448A-BA7A-406CB5E5CCAC}.Debug|x64.Build.0 = Debug|Any CPU
		{218E46D4-C3A2-448A-BA7A-406CB5E5CCAC}.Debug|x86.ActiveCfg = Debug|Any CPU
		{218E46D4-C3A2-448A-BA7A-406CB5E5CCAC}.Debug|x86.Build.0 = Debug|Any CPU
		{218E46D4-C3A2-448A-BA7A-406CB5E5CCAC}.Release|Any CPU.ActiveCfg = Release|Any CPU
		{218E46D4-C3A2-448A-BA7A-406CB5E5CCAC}.Release|Any CPU.Build.0 = Release|Any CPU
		{218E46D4-C3A2-448A-BA7A-406CB5E5CCAC}.Release|x64.ActiveCfg = Release|Any CPU
		{218E46D4-C3A2-448A-BA7A-406CB5E5CCAC}.Release|x64.Build.0 = Release|Any CPU
		{218E46D4-C3A2-448A-BA7A-406CB5E5CCAC}.Release|x86.ActiveCfg = Release|Any CPU
		{218E46D4-C3A2-448A-BA7A-406CB5E5CCAC}.Release|x86.Build.0 = Release|Any CPU
		{BDD39BD4-C2CC-4D92-A25E-18F55C1B861B}.Debug|Any CPU.ActiveCfg = Debug|Any CPU
		{BDD39BD4-C2CC-4D92-A25E-18F55C1B861B}.Debug|Any CPU.Build.0 = Debug|Any CPU
		{BDD39BD4-C2CC-4D92-A25E-18F55C1B861B}.Debug|x64.ActiveCfg = Debug|Any CPU
		{BDD39BD4-C2CC-4D92-A25E-18F55C1B861B}.Debug|x64.Build.0 = Debug|Any CPU
		{BDD39BD4-C2CC-4D92-A25E-18F55C1B861B}.Debug|x86.ActiveCfg = Debug|Any CPU
		{BDD39BD4-C2CC-4D92-A25E-18F55C1B861B}.Debug|x86.Build.0 = Debug|Any CPU
		{BDD39BD4-C2CC-4D92-A25E-18F55C1B861B}.Release|Any CPU.ActiveCfg = Release|Any CPU
		{BDD39BD4-C2CC-4D92-A25E-18F55C1B861B}.Release|Any CPU.Build.0 = Release|Any CPU
		{BDD39BD4-C2CC-4D92-A25E-18F55C1B861B}.Release|x64.ActiveCfg = Release|Any CPU
		{BDD39BD4-C2CC-4D92-A25E-18F55C1B861B}.Release|x64.Build.0 = Release|Any CPU
		{BDD39BD4-C2CC-4D92-A25E-18F55C1B861B}.Release|x86.ActiveCfg = Release|Any CPU
		{BDD39BD4-C2CC-4D92-A25E-18F55C1B861B}.Release|x86.Build.0 = Release|Any CPU
		{965A6FEA-420B-4779-84DF-DF97C3FCCA24}.Debug|Any CPU.ActiveCfg = Debug|Any CPU
		{965A6FEA-420B-4779-84DF-DF97C3FCCA24}.Debug|Any CPU.Build.0 = Debug|Any CPU
		{965A6FEA-420B-4779-84DF-DF97C3FCCA24}.Debug|x64.ActiveCfg = Debug|Any CPU
		{965A6FEA-420B-4779-84DF-DF97C3FCCA24}.Debug|x64.Build.0 = Debug|Any CPU
		{965A6FEA-420B-4779-84DF-DF97C3FCCA24}.Debug|x86.ActiveCfg = Debug|Any CPU
		{965A6FEA-420B-4779-84DF-DF97C3FCCA24}.Debug|x86.Build.0 = Debug|Any CPU
		{965A6FEA-420B-4779-84DF-DF97C3FCCA24}.Release|Any CPU.ActiveCfg = Release|Any CPU
		{965A6FEA-420B-4779-84DF-DF97C3FCCA24}.Release|Any CPU.Build.0 = Release|Any CPU
		{965A6FEA-420B-4779-84DF-DF97C3FCCA24}.Release|x64.ActiveCfg = Release|Any CPU
		{965A6FEA-420B-4779-84DF-DF97C3FCCA24}.Release|x64.Build.0 = Release|Any CPU
		{965A6FEA-420B-4779-84DF-DF97C3FCCA24}.Release|x86.ActiveCfg = Release|Any CPU
		{965A6FEA-420B-4779-84DF-DF97C3FCCA24}.Release|x86.Build.0 = Release|Any CPU
	EndGlobalSection
	GlobalSection(SolutionProperties) = preSolution
		HideSolutionNode = FALSE
	EndGlobalSection
	GlobalSection(NestedProjects) = preSolution
		{671F8612-022A-40BE-AB9C-C7026A24C8B5} = {27837B1A-BCC7-46DB-A6BC-9EAF92A5142E}
		{218E46D4-C3A2-448A-BA7A-406CB5E5CCAC} = {27837B1A-BCC7-46DB-A6BC-9EAF92A5142E}
		{BDD39BD4-C2CC-4D92-A25E-18F55C1B861B} = {55D20690-2A4A-4BC2-944C-404BB8DCED0F}
		{965A6FEA-420B-4779-84DF-DF97C3FCCA24} = {55D20690-2A4A-4BC2-944C-404BB8DCED0F}
	EndGlobalSection
	GlobalSection(ExtensibilityGlobals) = postSolution
		SolutionGuid = {8038C5FA-FF35-4D86-9343-8338E35782CE}
	EndGlobalSection
EndGlobal
